
Microsoft Visual Studio Solution File, Format Version 12.00
# Visual Studio Version 16
VisualStudioVersion = 16.0.31729.503
MinimumVisualStudioVersion = 10.0.40219.1
Project("{9A19103F-16F7-4668-BE54-9A1E7A4F7556}") = "Alphicsh.JamPlayer.App", "Jam Player\Alphicsh.JamPlayer.App\Alphicsh.JamPlayer.App.csproj", "{96E4C1F0-C03D-4B9C-8D51-C8C55A19A16C}"
EndProject
Project("{2150E333-8FDC-42A3-9474-1A3956D46DE8}") = "Jam Player", "Jam Player", "{3BDDDEC1-D999-4D4B-A46E-0807C01F5B14}"
EndProject
Global
	GlobalSection(SolutionConfigurationPlatforms) = preSolution
		Debug|Any CPU = Debug|Any CPU
		Release|Any CPU = Release|Any CPU
	EndGlobalSection
	GlobalSection(ProjectConfigurationPlatforms) = postSolution
		{96E4C1F0-C03D-4B9C-8D51-C8C55A19A16C}.Debug|Any CPU.ActiveCfg = Debug|Any CPU
		{96E4C1F0-C03D-4B9C-8D51-C8C55A19A16C}.Debug|Any CPU.Build.0 = Debug|Any CPU
		{96E4C1F0-C03D-4B9C-8D51-C8C55A19A16C}.Release|Any CPU.ActiveCfg = Release|Any CPU
		{96E4C1F0-C03D-4B9C-8D51-C8C55A19A16C}.Release|Any CPU.Build.0 = Release|Any CPU
	EndGlobalSection
	GlobalSection(SolutionProperties) = preSolution
		HideSolutionNode = FALSE
	EndGlobalSection
	GlobalSection(NestedProjects) = preSolution
		{96E4C1F0-C03D-4B9C-8D51-C8C55A19A16C} = {3BDDDEC1-D999-4D4B-A46E-0807C01F5B14}
	EndGlobalSection
	GlobalSection(ExtensibilityGlobals) = postSolution
		SolutionGuid = {7DF6235F-0198-4921-B6F6-CC96A4448F90}
	EndGlobalSection
EndGlobal
