
Microsoft Visual Studio Solution File, Format Version 12.00
# Visual Studio Version 17
VisualStudioVersion = 17.1.32319.34
MinimumVisualStudioVersion = 10.0.40219.1
Project("{9A19103F-16F7-4668-BE54-9A1E7A4F7556}") = "Alphicsh.JamPlayer.App", "Jam Player\Alphicsh.JamPlayer.App\Alphicsh.JamPlayer.App.csproj", "{96E4C1F0-C03D-4B9C-8D51-C8C55A19A16C}"
EndProject
Project("{2150E333-8FDC-42A3-9474-1A3956D46DE8}") = "Jam Player", "Jam Player", "{3BDDDEC1-D999-4D4B-A46E-0807C01F5B14}"
EndProject
Project("{9A19103F-16F7-4668-BE54-9A1E7A4F7556}") = "Alphicsh.JamPlayer.Model", "Jam Player\Alphicsh.JamPlayer.Model\Alphicsh.JamPlayer.Model.csproj", "{D01AD0FE-5589-4EF6-8107-79CD8A8C093E}"
EndProject
Project("{9A19103F-16F7-4668-BE54-9A1E7A4F7556}") = "Alphicsh.JamPlayer.ViewModel", "Jam Player\Alphicsh.JamPlayer.ViewModel\Alphicsh.JamPlayer.ViewModel.csproj", "{C6B9CE0C-219A-4703-A54A-C68DAC9816A0}"
EndProject
Project("{9A19103F-16F7-4668-BE54-9A1E7A4F7556}") = "Alphicsh.JamPlayer.Controls", "Jam Player\Alphicsh.JamPlayer.Controls\Alphicsh.JamPlayer.Controls.csproj", "{E5853D24-1F98-4245-BBBC-40413E3F6C93}"
EndProject
Project("{2150E333-8FDC-42A3-9474-1A3956D46DE8}") = "Common", "Common", "{2F663BFC-12CD-422C-B0E2-F65B401B0CD4}"
EndProject
Project("{9A19103F-16F7-4668-BE54-9A1E7A4F7556}") = "Alphicsh.JamTools.Common.Controls", "Common\Alphicsh.JamTools.Common.Controls\Alphicsh.JamTools.Common.Controls.csproj", "{DFC4D201-9E57-42D2-ABD3-5554084F2462}"
EndProject
Project("{9A19103F-16F7-4668-BE54-9A1E7A4F7556}") = "Alphicsh.JamTools.Common.Mvvm", "Common\Alphicsh.JamTools.Common.Mvvm\Alphicsh.JamTools.Common.Mvvm.csproj", "{2A0FE463-A957-47A6-969E-6C867C1C4834}"
EndProject
Project("{9A19103F-16F7-4668-BE54-9A1E7A4F7556}") = "Alphicsh.JamTools.Common.IO", "Common\Alphicsh.JamTools.Common.IO\Alphicsh.JamTools.Common.IO.csproj", "{4A6AB3DB-736E-42E1-89E0-A1308D33CFD1}"
EndProject
Project("{2150E333-8FDC-42A3-9474-1A3956D46DE8}") = "Jam Packager", "Jam Packager", "{77FE7337-4F98-4CA6-90E7-DEEB44E113AC}"
EndProject
Project("{9A19103F-16F7-4668-BE54-9A1E7A4F7556}") = "Alphicsh.JamPackager.App", "Jam Packager\Alphicsh.JamPackager.App\Alphicsh.JamPackager.App.csproj", "{3DBF5E0C-CE03-4A3E-B13E-7BE75FCFC4AA}"
EndProject
Project("{9A19103F-16F7-4668-BE54-9A1E7A4F7556}") = "Alphicsh.JamTools.Common.Theming", "Common\Alphicsh.JamTools.Common.Theming\Alphicsh.JamTools.Common.Theming.csproj", "{D08C8B3B-2D3B-48ED-A88B-45651F3792D8}"
EndProject
Project("{9A19103F-16F7-4668-BE54-9A1E7A4F7556}") = "Alphicsh.JamPlayer.IO", "Jam Player\Alphicsh.JamPlayer.IO\Alphicsh.JamPlayer.IO.csproj", "{0C816DCC-4D2F-4CA0-96B3-875F24F135AD}"
EndProject
Project("{2150E333-8FDC-42A3-9474-1A3956D46DE8}") = "Entry Packager", "Entry Packager", "{43B25523-1396-459C-8599-8C1655B616FA}"
EndProject
Project("{9A19103F-16F7-4668-BE54-9A1E7A4F7556}") = "Alphicsh.EntryPackager.App", "Entry Packager\Alphicsh.EntryPackager.App\Alphicsh.EntryPackager.App.csproj", "{B610AE19-CB57-4AD9-AD4F-AC61DFF967DD}"
EndProject
Project("{9A19103F-16F7-4668-BE54-9A1E7A4F7556}") = "Alphicsh.EntryPackager.Controls", "Entry Packager\Alphicsh.EntryPackager.Controls\Alphicsh.EntryPackager.Controls.csproj", "{BC504CEC-78AB-4939-AF53-61CD1BC79E62}"
EndProject
Project("{9A19103F-16F7-4668-BE54-9A1E7A4F7556}") = "Alphicsh.EntryPackager.ViewModel", "Entry Packager\Alphicsh.EntryPackager.ViewModel\Alphicsh.EntryPackager.ViewModel.csproj", "{12439473-5924-420F-9D72-6F3BA4930BC6}"
EndProject
Project("{9A19103F-16F7-4668-BE54-9A1E7A4F7556}") = "Alphicsh.EntryPackager.Model", "Entry Packager\Alphicsh.EntryPackager.Model\Alphicsh.EntryPackager.Model.csproj", "{935CA6F3-67A0-4E96-B4A8-1C8740F84AA0}"
EndProject
Project("{9A19103F-16F7-4668-BE54-9A1E7A4F7556}") = "Alphicsh.JamPackager.Model", "Jam Packager\Alphicsh.JamPackager.Model\Alphicsh.JamPackager.Model.csproj", "{B2B57A3A-CADF-4E83-9F4A-1CC6C12055FE}"
EndProject
Project("{9A19103F-16F7-4668-BE54-9A1E7A4F7556}") = "Alphicsh.JamPackager.ViewModel", "Jam Packager\Alphicsh.JamPackager.ViewModel\Alphicsh.JamPackager.ViewModel.csproj", "{259F91A6-E781-441B-82C9-3FCBC941B9F0}"
EndProject
Project("{9A19103F-16F7-4668-BE54-9A1E7A4F7556}") = "Alphicsh.JamPackager.Controls", "Jam Packager\Alphicsh.JamPackager.Controls\Alphicsh.JamPackager.Controls.csproj", "{1F707AF4-C70F-47DC-8332-0265981E82B9}"
EndProject
Project("{2150E333-8FDC-42A3-9474-1A3956D46DE8}") = "Jam Tally", "Jam Tally", "{DC1689DE-6189-4528-AC1A-15049B8027C2}"
EndProject
Project("{9A19103F-16F7-4668-BE54-9A1E7A4F7556}") = "Alphicsh.JamTally.App", "Jam Tally\Alphicsh.JamTally.App\Alphicsh.JamTally.App.csproj", "{E7E3D558-3F2D-4B21-B48D-502FE436F615}"
EndProject
Project("{9A19103F-16F7-4668-BE54-9A1E7A4F7556}") = "Alphicsh.JamTally.Model", "Jam Tally\Alphicsh.JamTally.Model\Alphicsh.JamTally.Model.csproj", "{1155488E-36BC-4BF8-981C-6D1C48BB1805}"
EndProject
Project("{9A19103F-16F7-4668-BE54-9A1E7A4F7556}") = "Alphicsh.JamTally.ViewModel", "Jam Tally\Alphicsh.JamTally.ViewModel\Alphicsh.JamTally.ViewModel.csproj", "{62435F13-4CDE-4782-B269-1D12217C50B9}"
EndProject
Project("{9A19103F-16F7-4668-BE54-9A1E7A4F7556}") = "Alphicsh.JamTally.Controls", "Alphicsh.JamTally.Controls\Alphicsh.JamTally.Controls.csproj", "{4BED972C-01BA-4235-B501-B3372CEF0A2A}"
EndProject
Project("{FAE04EC0-301F-11D3-BF4B-00C04F79EFBC}") = "Alphicsh.JamTally.Spreadsheets", "Jam Tally\Alphicsh.JamTally.Spreadsheets\Alphicsh.JamTally.Spreadsheets.csproj", "{A47A66BF-C57C-4AA7-8203-E728544FFBF0}"
EndProject
Project("{FAE04EC0-301F-11D3-BF4B-00C04F79EFBC}") = "Alphicsh.JamTally.Model.Core", "Jam Tally\Alphicsh.JamTally.Model.Core\Alphicsh.JamTally.Model.Core.csproj", "{6E3D4A2C-4C55-44C0-8954-05AFC05C5282}"
EndProject
Global
	GlobalSection(SolutionConfigurationPlatforms) = preSolution
		Debug|Any CPU = Debug|Any CPU
		Release|Any CPU = Release|Any CPU
	EndGlobalSection
	GlobalSection(ProjectConfigurationPlatforms) = postSolution
		{96E4C1F0-C03D-4B9C-8D51-C8C55A19A16C}.Debug|Any CPU.ActiveCfg = Debug|Any CPU
		{96E4C1F0-C03D-4B9C-8D51-C8C55A19A16C}.Debug|Any CPU.Build.0 = Debug|Any CPU
		{96E4C1F0-C03D-4B9C-8D51-C8C55A19A16C}.Release|Any CPU.ActiveCfg = Release|Any CPU
		{96E4C1F0-C03D-4B9C-8D51-C8C55A19A16C}.Release|Any CPU.Build.0 = Release|Any CPU
		{D01AD0FE-5589-4EF6-8107-79CD8A8C093E}.Debug|Any CPU.ActiveCfg = Debug|Any CPU
		{D01AD0FE-5589-4EF6-8107-79CD8A8C093E}.Debug|Any CPU.Build.0 = Debug|Any CPU
		{D01AD0FE-5589-4EF6-8107-79CD8A8C093E}.Release|Any CPU.ActiveCfg = Release|Any CPU
		{D01AD0FE-5589-4EF6-8107-79CD8A8C093E}.Release|Any CPU.Build.0 = Release|Any CPU
		{C6B9CE0C-219A-4703-A54A-C68DAC9816A0}.Debug|Any CPU.ActiveCfg = Debug|Any CPU
		{C6B9CE0C-219A-4703-A54A-C68DAC9816A0}.Debug|Any CPU.Build.0 = Debug|Any CPU
		{C6B9CE0C-219A-4703-A54A-C68DAC9816A0}.Release|Any CPU.ActiveCfg = Release|Any CPU
		{C6B9CE0C-219A-4703-A54A-C68DAC9816A0}.Release|Any CPU.Build.0 = Release|Any CPU
		{E5853D24-1F98-4245-BBBC-40413E3F6C93}.Debug|Any CPU.ActiveCfg = Debug|Any CPU
		{E5853D24-1F98-4245-BBBC-40413E3F6C93}.Debug|Any CPU.Build.0 = Debug|Any CPU
		{E5853D24-1F98-4245-BBBC-40413E3F6C93}.Release|Any CPU.ActiveCfg = Release|Any CPU
		{E5853D24-1F98-4245-BBBC-40413E3F6C93}.Release|Any CPU.Build.0 = Release|Any CPU
		{DFC4D201-9E57-42D2-ABD3-5554084F2462}.Debug|Any CPU.ActiveCfg = Debug|Any CPU
		{DFC4D201-9E57-42D2-ABD3-5554084F2462}.Debug|Any CPU.Build.0 = Debug|Any CPU
		{DFC4D201-9E57-42D2-ABD3-5554084F2462}.Release|Any CPU.ActiveCfg = Release|Any CPU
		{DFC4D201-9E57-42D2-ABD3-5554084F2462}.Release|Any CPU.Build.0 = Release|Any CPU
		{2A0FE463-A957-47A6-969E-6C867C1C4834}.Debug|Any CPU.ActiveCfg = Debug|Any CPU
		{2A0FE463-A957-47A6-969E-6C867C1C4834}.Debug|Any CPU.Build.0 = Debug|Any CPU
		{2A0FE463-A957-47A6-969E-6C867C1C4834}.Release|Any CPU.ActiveCfg = Release|Any CPU
		{2A0FE463-A957-47A6-969E-6C867C1C4834}.Release|Any CPU.Build.0 = Release|Any CPU
		{4A6AB3DB-736E-42E1-89E0-A1308D33CFD1}.Debug|Any CPU.ActiveCfg = Debug|Any CPU
		{4A6AB3DB-736E-42E1-89E0-A1308D33CFD1}.Debug|Any CPU.Build.0 = Debug|Any CPU
		{4A6AB3DB-736E-42E1-89E0-A1308D33CFD1}.Release|Any CPU.ActiveCfg = Release|Any CPU
		{4A6AB3DB-736E-42E1-89E0-A1308D33CFD1}.Release|Any CPU.Build.0 = Release|Any CPU
		{3DBF5E0C-CE03-4A3E-B13E-7BE75FCFC4AA}.Debug|Any CPU.ActiveCfg = Debug|Any CPU
		{3DBF5E0C-CE03-4A3E-B13E-7BE75FCFC4AA}.Debug|Any CPU.Build.0 = Debug|Any CPU
		{3DBF5E0C-CE03-4A3E-B13E-7BE75FCFC4AA}.Release|Any CPU.ActiveCfg = Release|Any CPU
		{3DBF5E0C-CE03-4A3E-B13E-7BE75FCFC4AA}.Release|Any CPU.Build.0 = Release|Any CPU
		{D08C8B3B-2D3B-48ED-A88B-45651F3792D8}.Debug|Any CPU.ActiveCfg = Debug|Any CPU
		{D08C8B3B-2D3B-48ED-A88B-45651F3792D8}.Debug|Any CPU.Build.0 = Debug|Any CPU
		{D08C8B3B-2D3B-48ED-A88B-45651F3792D8}.Release|Any CPU.ActiveCfg = Release|Any CPU
		{D08C8B3B-2D3B-48ED-A88B-45651F3792D8}.Release|Any CPU.Build.0 = Release|Any CPU
		{0C816DCC-4D2F-4CA0-96B3-875F24F135AD}.Debug|Any CPU.ActiveCfg = Debug|Any CPU
		{0C816DCC-4D2F-4CA0-96B3-875F24F135AD}.Debug|Any CPU.Build.0 = Debug|Any CPU
		{0C816DCC-4D2F-4CA0-96B3-875F24F135AD}.Release|Any CPU.ActiveCfg = Release|Any CPU
		{0C816DCC-4D2F-4CA0-96B3-875F24F135AD}.Release|Any CPU.Build.0 = Release|Any CPU
		{B610AE19-CB57-4AD9-AD4F-AC61DFF967DD}.Debug|Any CPU.ActiveCfg = Debug|Any CPU
		{B610AE19-CB57-4AD9-AD4F-AC61DFF967DD}.Debug|Any CPU.Build.0 = Debug|Any CPU
		{B610AE19-CB57-4AD9-AD4F-AC61DFF967DD}.Release|Any CPU.ActiveCfg = Release|Any CPU
		{B610AE19-CB57-4AD9-AD4F-AC61DFF967DD}.Release|Any CPU.Build.0 = Release|Any CPU
		{BC504CEC-78AB-4939-AF53-61CD1BC79E62}.Debug|Any CPU.ActiveCfg = Debug|Any CPU
		{BC504CEC-78AB-4939-AF53-61CD1BC79E62}.Debug|Any CPU.Build.0 = Debug|Any CPU
		{BC504CEC-78AB-4939-AF53-61CD1BC79E62}.Release|Any CPU.ActiveCfg = Release|Any CPU
		{BC504CEC-78AB-4939-AF53-61CD1BC79E62}.Release|Any CPU.Build.0 = Release|Any CPU
		{12439473-5924-420F-9D72-6F3BA4930BC6}.Debug|Any CPU.ActiveCfg = Debug|Any CPU
		{12439473-5924-420F-9D72-6F3BA4930BC6}.Debug|Any CPU.Build.0 = Debug|Any CPU
		{12439473-5924-420F-9D72-6F3BA4930BC6}.Release|Any CPU.ActiveCfg = Release|Any CPU
		{12439473-5924-420F-9D72-6F3BA4930BC6}.Release|Any CPU.Build.0 = Release|Any CPU
		{935CA6F3-67A0-4E96-B4A8-1C8740F84AA0}.Debug|Any CPU.ActiveCfg = Debug|Any CPU
		{935CA6F3-67A0-4E96-B4A8-1C8740F84AA0}.Debug|Any CPU.Build.0 = Debug|Any CPU
		{935CA6F3-67A0-4E96-B4A8-1C8740F84AA0}.Release|Any CPU.ActiveCfg = Release|Any CPU
		{935CA6F3-67A0-4E96-B4A8-1C8740F84AA0}.Release|Any CPU.Build.0 = Release|Any CPU
		{B2B57A3A-CADF-4E83-9F4A-1CC6C12055FE}.Debug|Any CPU.ActiveCfg = Debug|Any CPU
		{B2B57A3A-CADF-4E83-9F4A-1CC6C12055FE}.Debug|Any CPU.Build.0 = Debug|Any CPU
		{B2B57A3A-CADF-4E83-9F4A-1CC6C12055FE}.Release|Any CPU.ActiveCfg = Release|Any CPU
		{B2B57A3A-CADF-4E83-9F4A-1CC6C12055FE}.Release|Any CPU.Build.0 = Release|Any CPU
		{259F91A6-E781-441B-82C9-3FCBC941B9F0}.Debug|Any CPU.ActiveCfg = Debug|Any CPU
		{259F91A6-E781-441B-82C9-3FCBC941B9F0}.Debug|Any CPU.Build.0 = Debug|Any CPU
		{259F91A6-E781-441B-82C9-3FCBC941B9F0}.Release|Any CPU.ActiveCfg = Release|Any CPU
		{259F91A6-E781-441B-82C9-3FCBC941B9F0}.Release|Any CPU.Build.0 = Release|Any CPU
		{1F707AF4-C70F-47DC-8332-0265981E82B9}.Debug|Any CPU.ActiveCfg = Debug|Any CPU
		{1F707AF4-C70F-47DC-8332-0265981E82B9}.Debug|Any CPU.Build.0 = Debug|Any CPU
		{1F707AF4-C70F-47DC-8332-0265981E82B9}.Release|Any CPU.ActiveCfg = Release|Any CPU
		{1F707AF4-C70F-47DC-8332-0265981E82B9}.Release|Any CPU.Build.0 = Release|Any CPU
		{E7E3D558-3F2D-4B21-B48D-502FE436F615}.Debug|Any CPU.ActiveCfg = Debug|Any CPU
		{E7E3D558-3F2D-4B21-B48D-502FE436F615}.Debug|Any CPU.Build.0 = Debug|Any CPU
		{E7E3D558-3F2D-4B21-B48D-502FE436F615}.Release|Any CPU.ActiveCfg = Release|Any CPU
		{E7E3D558-3F2D-4B21-B48D-502FE436F615}.Release|Any CPU.Build.0 = Release|Any CPU
		{1155488E-36BC-4BF8-981C-6D1C48BB1805}.Debug|Any CPU.ActiveCfg = Debug|Any CPU
		{1155488E-36BC-4BF8-981C-6D1C48BB1805}.Debug|Any CPU.Build.0 = Debug|Any CPU
		{1155488E-36BC-4BF8-981C-6D1C48BB1805}.Release|Any CPU.ActiveCfg = Release|Any CPU
		{1155488E-36BC-4BF8-981C-6D1C48BB1805}.Release|Any CPU.Build.0 = Release|Any CPU
		{62435F13-4CDE-4782-B269-1D12217C50B9}.Debug|Any CPU.ActiveCfg = Debug|Any CPU
		{62435F13-4CDE-4782-B269-1D12217C50B9}.Debug|Any CPU.Build.0 = Debug|Any CPU
		{62435F13-4CDE-4782-B269-1D12217C50B9}.Release|Any CPU.ActiveCfg = Release|Any CPU
		{62435F13-4CDE-4782-B269-1D12217C50B9}.Release|Any CPU.Build.0 = Release|Any CPU
		{4BED972C-01BA-4235-B501-B3372CEF0A2A}.Debug|Any CPU.ActiveCfg = Debug|Any CPU
		{4BED972C-01BA-4235-B501-B3372CEF0A2A}.Debug|Any CPU.Build.0 = Debug|Any CPU
		{4BED972C-01BA-4235-B501-B3372CEF0A2A}.Release|Any CPU.ActiveCfg = Release|Any CPU
		{4BED972C-01BA-4235-B501-B3372CEF0A2A}.Release|Any CPU.Build.0 = Release|Any CPU
		{A47A66BF-C57C-4AA7-8203-E728544FFBF0}.Debug|Any CPU.ActiveCfg = Debug|Any CPU
		{A47A66BF-C57C-4AA7-8203-E728544FFBF0}.Debug|Any CPU.Build.0 = Debug|Any CPU
		{A47A66BF-C57C-4AA7-8203-E728544FFBF0}.Release|Any CPU.ActiveCfg = Release|Any CPU
		{A47A66BF-C57C-4AA7-8203-E728544FFBF0}.Release|Any CPU.Build.0 = Release|Any CPU
		{6E3D4A2C-4C55-44C0-8954-05AFC05C5282}.Debug|Any CPU.ActiveCfg = Debug|Any CPU
		{6E3D4A2C-4C55-44C0-8954-05AFC05C5282}.Debug|Any CPU.Build.0 = Debug|Any CPU
		{6E3D4A2C-4C55-44C0-8954-05AFC05C5282}.Release|Any CPU.ActiveCfg = Release|Any CPU
		{6E3D4A2C-4C55-44C0-8954-05AFC05C5282}.Release|Any CPU.Build.0 = Release|Any CPU
	EndGlobalSection
	GlobalSection(SolutionProperties) = preSolution
		HideSolutionNode = FALSE
	EndGlobalSection
	GlobalSection(NestedProjects) = preSolution
		{96E4C1F0-C03D-4B9C-8D51-C8C55A19A16C} = {3BDDDEC1-D999-4D4B-A46E-0807C01F5B14}
		{D01AD0FE-5589-4EF6-8107-79CD8A8C093E} = {3BDDDEC1-D999-4D4B-A46E-0807C01F5B14}
		{C6B9CE0C-219A-4703-A54A-C68DAC9816A0} = {3BDDDEC1-D999-4D4B-A46E-0807C01F5B14}
		{E5853D24-1F98-4245-BBBC-40413E3F6C93} = {3BDDDEC1-D999-4D4B-A46E-0807C01F5B14}
		{DFC4D201-9E57-42D2-ABD3-5554084F2462} = {2F663BFC-12CD-422C-B0E2-F65B401B0CD4}
		{2A0FE463-A957-47A6-969E-6C867C1C4834} = {2F663BFC-12CD-422C-B0E2-F65B401B0CD4}
		{4A6AB3DB-736E-42E1-89E0-A1308D33CFD1} = {2F663BFC-12CD-422C-B0E2-F65B401B0CD4}
		{3DBF5E0C-CE03-4A3E-B13E-7BE75FCFC4AA} = {77FE7337-4F98-4CA6-90E7-DEEB44E113AC}
		{D08C8B3B-2D3B-48ED-A88B-45651F3792D8} = {2F663BFC-12CD-422C-B0E2-F65B401B0CD4}
		{0C816DCC-4D2F-4CA0-96B3-875F24F135AD} = {3BDDDEC1-D999-4D4B-A46E-0807C01F5B14}
		{B610AE19-CB57-4AD9-AD4F-AC61DFF967DD} = {43B25523-1396-459C-8599-8C1655B616FA}
		{BC504CEC-78AB-4939-AF53-61CD1BC79E62} = {43B25523-1396-459C-8599-8C1655B616FA}
		{12439473-5924-420F-9D72-6F3BA4930BC6} = {43B25523-1396-459C-8599-8C1655B616FA}
		{935CA6F3-67A0-4E96-B4A8-1C8740F84AA0} = {43B25523-1396-459C-8599-8C1655B616FA}
		{B2B57A3A-CADF-4E83-9F4A-1CC6C12055FE} = {77FE7337-4F98-4CA6-90E7-DEEB44E113AC}
		{259F91A6-E781-441B-82C9-3FCBC941B9F0} = {77FE7337-4F98-4CA6-90E7-DEEB44E113AC}
		{1F707AF4-C70F-47DC-8332-0265981E82B9} = {77FE7337-4F98-4CA6-90E7-DEEB44E113AC}
		{E7E3D558-3F2D-4B21-B48D-502FE436F615} = {DC1689DE-6189-4528-AC1A-15049B8027C2}
		{1155488E-36BC-4BF8-981C-6D1C48BB1805} = {DC1689DE-6189-4528-AC1A-15049B8027C2}
		{62435F13-4CDE-4782-B269-1D12217C50B9} = {DC1689DE-6189-4528-AC1A-15049B8027C2}
		{4BED972C-01BA-4235-B501-B3372CEF0A2A} = {DC1689DE-6189-4528-AC1A-15049B8027C2}
		{A47A66BF-C57C-4AA7-8203-E728544FFBF0} = {DC1689DE-6189-4528-AC1A-15049B8027C2}
		{6E3D4A2C-4C55-44C0-8954-05AFC05C5282} = {DC1689DE-6189-4528-AC1A-15049B8027C2}
	EndGlobalSection
	GlobalSection(ExtensibilityGlobals) = postSolution
		SolutionGuid = {7DF6235F-0198-4921-B6F6-CC96A4448F90}
	EndGlobalSection
EndGlobal
